
Microsoft Visual Studio Solution File, Format Version 12.00
# Visual Studio Version 17
VisualStudioVersion = 17.7.34031.279
MinimumVisualStudioVersion = 10.0.40219.1
Project("{FAE04EC0-301F-11D3-BF4B-00C04F79EFBC}") = "DataEntryInCShap", "DataEntryInCShap\DataEntryInCShap.csproj", "{B916E629-D530-450E-8203-47A0B3F30983}"
EndProject
Global
	GlobalSection(SolutionConfigurationPlatforms) = preSolution
		Debug|Any CPU = Debug|Any CPU
		Release|Any CPU = Release|Any CPU
	EndGlobalSection
	GlobalSection(ProjectConfigurationPlatforms) = postSolution
		{B916E629-D530-450E-8203-47A0B3F30983}.Debug|Any CPU.ActiveCfg = Debug|Any CPU
		{B916E629-D530-450E-8203-47A0B3F30983}.Debug|Any CPU.Build.0 = Debug|Any CPU
		{B916E629-D530-450E-8203-47A0B3F30983}.Release|Any CPU.ActiveCfg = Release|Any CPU
		{B916E629-D530-450E-8203-47A0B3F30983}.Release|Any CPU.Build.0 = Release|Any CPU
	EndGlobalSection
	GlobalSection(SolutionProperties) = preSolution
		HideSolutionNode = FALSE
	EndGlobalSection
	GlobalSection(ExtensibilityGlobals) = postSolution
		SolutionGuid = {9FFB9CCD-1074-4FA8-BD3C-6F71917DAB3D}
	EndGlobalSection
EndGlobal
